
Microsoft Visual Studio Solution File, Format Version 12.00
# Visual Studio 15
VisualStudioVersion = 15.0.27004.2010
MinimumVisualStudioVersion = 10.0.40219.1
Project("{FAE04EC0-301F-11D3-BF4B-00C04F79EFBC}") = "ImageOptimizer.Desktop", "ImageOptimizer.Desktop\ImageOptimizer.Desktop.csproj", "{11B4B4B1-166A-4255-9D6A-5C01CD62E692}"
EndProject
Global
	GlobalSection(SolutionConfigurationPlatforms) = preSolution
		Debug|Any CPU = Debug|Any CPU
		Release|Any CPU = Release|Any CPU
	EndGlobalSection
	GlobalSection(ProjectConfigurationPlatforms) = postSolution
		{11B4B4B1-166A-4255-9D6A-5C01CD62E692}.Debug|Any CPU.ActiveCfg = Debug|Any CPU
		{11B4B4B1-166A-4255-9D6A-5C01CD62E692}.Debug|Any CPU.Build.0 = Debug|Any CPU
		{11B4B4B1-166A-4255-9D6A-5C01CD62E692}.Release|Any CPU.ActiveCfg = Release|Any CPU
		{11B4B4B1-166A-4255-9D6A-5C01CD62E692}.Release|Any CPU.Build.0 = Release|Any CPU
	EndGlobalSection
	GlobalSection(SolutionProperties) = preSolution
		HideSolutionNode = FALSE
	EndGlobalSection
	GlobalSection(ExtensibilityGlobals) = postSolution
		SolutionGuid = {B12DFAA2-36B6-407A-AE78-97853A5A5F4A}
	EndGlobalSection
EndGlobal
